
Microsoft Visual Studio Solution File, Format Version 12.00
# Visual Studio Version 17
VisualStudioVersion = 17.6.33712.159
MinimumVisualStudioVersion = 10.0.40219.1
Project("{FAE04EC0-301F-11D3-BF4B-00C04F79EFBC}") = "Image2Raw", "Image2Raw.csproj", "{18C21A56-04AE-41A5-9F42-17998CB482FD}"
EndProject
Global
	GlobalSection(SolutionConfigurationPlatforms) = preSolution
		Debug|Any CPU = Debug|Any CPU
		Release|Any CPU = Release|Any CPU
	EndGlobalSection
	GlobalSection(ProjectConfigurationPlatforms) = postSolution
		{18C21A56-04AE-41A5-9F42-17998CB482FD}.Debug|Any CPU.ActiveCfg = Debug|Any CPU
		{18C21A56-04AE-41A5-9F42-17998CB482FD}.Debug|Any CPU.Build.0 = Debug|Any CPU
		{18C21A56-04AE-41A5-9F42-17998CB482FD}.Release|Any CPU.ActiveCfg = Release|Any CPU
		{18C21A56-04AE-41A5-9F42-17998CB482FD}.Release|Any CPU.Build.0 = Release|Any CPU
	EndGlobalSection
	GlobalSection(SolutionProperties) = preSolution
		HideSolutionNode = FALSE
	EndGlobalSection
	GlobalSection(ExtensibilityGlobals) = postSolution
		SolutionGuid = {14AC0135-8420-451C-879B-0610923E0ACE}
	EndGlobalSection
EndGlobal
